
Microsoft Visual Studio Solution File, Format Version 12.00
# Visual Studio 15
VisualStudioVersion = 15.0.28307.438
MinimumVisualStudioVersion = 10.0.40219.1
Project("{8BC9CEB8-8B4A-11D0-8D11-00A0C91BC942}") = "swig_vs", "swig_vs\swig_vs.vcxproj", "{AD24FC23-AB86-452A-964F-796D2C68373C}"
EndProject
Global
	GlobalSection(SolutionConfigurationPlatforms) = preSolution
		Debug|x64 = Debug|x64
		Debug|x86 = Debug|x86
		Release|x64 = Release|x64
		Release|x86 = Release|x86
	EndGlobalSection
	GlobalSection(ProjectConfigurationPlatforms) = postSolution
		{AD24FC23-AB86-452A-964F-796D2C68373C}.Debug|x64.ActiveCfg = Debug|x64
		{AD24FC23-AB86-452A-964F-796D2C68373C}.Debug|x64.Build.0 = Debug|x64
		{AD24FC23-AB86-452A-964F-796D2C68373C}.Debug|x86.ActiveCfg = Debug|Win32
		{AD24FC23-AB86-452A-964F-796D2C68373C}.Debug|x86.Build.0 = Debug|Win32
		{AD24FC23-AB86-452A-964F-796D2C68373C}.Release|x64.ActiveCfg = Release|x64
		{AD24FC23-AB86-452A-964F-796D2C68373C}.Release|x64.Build.0 = Release|x64
		{AD24FC23-AB86-452A-964F-796D2C68373C}.Release|x86.ActiveCfg = Release|Win32
		{AD24FC23-AB86-452A-964F-796D2C68373C}.Release|x86.Build.0 = Release|Win32
	EndGlobalSection
	GlobalSection(SolutionProperties) = preSolution
		HideSolutionNode = FALSE
	EndGlobalSection
	GlobalSection(ExtensibilityGlobals) = postSolution
		SolutionGuid = {883D90E3-5410-409C-A164-D83E5B723A0B}
	EndGlobalSection
EndGlobal
